
Microsoft Visual Studio Solution File, Format Version 12.00
# Visual Studio Version 17
VisualStudioVersion = 17.7.34221.43
MinimumVisualStudioVersion = 10.0.40219.1
Project("{FAE04EC0-301F-11D3-BF4B-00C04F79EFBC}") = "1.SumFactorialEvenDigits", "1.SumFactorialEvenDigits\1.SumFactorialEvenDigits.csproj", "{EF3976BF-1059-42D2-800B-D2AC25802952}"
EndProject
Project("{FAE04EC0-301F-11D3-BF4B-00C04F79EFBC}") = "2.MiddleElements", "2.MiddleElements\2.MiddleElements.csproj", "{98772758-FA95-42D7-A965-BD9B5B11B6D8}"
EndProject
Global
	GlobalSection(SolutionConfigurationPlatforms) = preSolution
		Debug|Any CPU = Debug|Any CPU
		Release|Any CPU = Release|Any CPU
	EndGlobalSection
	GlobalSection(ProjectConfigurationPlatforms) = postSolution
		{EF3976BF-1059-42D2-800B-D2AC25802952}.Debug|Any CPU.ActiveCfg = Debug|Any CPU
		{EF3976BF-1059-42D2-800B-D2AC25802952}.Debug|Any CPU.Build.0 = Debug|Any CPU
		{EF3976BF-1059-42D2-800B-D2AC25802952}.Release|Any CPU.ActiveCfg = Release|Any CPU
		{EF3976BF-1059-42D2-800B-D2AC25802952}.Release|Any CPU.Build.0 = Release|Any CPU
		{98772758-FA95-42D7-A965-BD9B5B11B6D8}.Debug|Any CPU.ActiveCfg = Debug|Any CPU
		{98772758-FA95-42D7-A965-BD9B5B11B6D8}.Debug|Any CPU.Build.0 = Debug|Any CPU
		{98772758-FA95-42D7-A965-BD9B5B11B6D8}.Release|Any CPU.ActiveCfg = Release|Any CPU
		{98772758-FA95-42D7-A965-BD9B5B11B6D8}.Release|Any CPU.Build.0 = Release|Any CPU
	EndGlobalSection
	GlobalSection(SolutionProperties) = preSolution
		HideSolutionNode = FALSE
	EndGlobalSection
	GlobalSection(ExtensibilityGlobals) = postSolution
		SolutionGuid = {57491926-B2B0-41B7-8EE0-C91F0D719B12}
	EndGlobalSection
EndGlobal
