
Microsoft Visual Studio Solution File, Format Version 12.00
# Visual Studio Version 17
VisualStudioVersion = 17.5.33530.505
MinimumVisualStudioVersion = 10.0.40219.1
Project("{FAE04EC0-301F-11D3-BF4B-00C04F79EFBC}") = "01.DayOFWeek", "01.DayOFWeek\01.DayOFWeek.csproj", "{86BA5DD6-6FB2-4FEB-A12D-05A3B0A11FCD}"
EndProject
Project("{FAE04EC0-301F-11D3-BF4B-00C04F79EFBC}") = "02.WeekendOrWorkingDay", "02.WeekendOrWorkingDay\02.WeekendOrWorkingDay.csproj", "{B0867A08-5E59-4B7C-8BB5-C422BD277FE0}"
EndProject
Project("{FAE04EC0-301F-11D3-BF4B-00C04F79EFBC}") = "03.AnimalType", "03.AnimalType\03.AnimalType.csproj", "{719CEEE4-56CA-426C-99F5-7D1BA294734B}"
EndProject
Project("{FAE04EC0-301F-11D3-BF4B-00C04F79EFBC}") = "04.PersonalTitles", "04.PersonalTitles\04.PersonalTitles.csproj", "{622DD6D1-F630-4F52-BD97-E88EE42FF458}"
EndProject
Project("{FAE04EC0-301F-11D3-BF4B-00C04F79EFBC}") = "05.SmallShop", "05.SmallShop\05.SmallShop.csproj", "{A75A8D99-195F-4382-9747-4B6F41E2F6C9}"
EndProject
Project("{FAE04EC0-301F-11D3-BF4B-00C04F79EFBC}") = "06.NumberInRange", "06.NumberInRange\06.NumberInRange.csproj", "{44BA62AC-8CEB-4E06-BB35-270A578C8EE4}"
EndProject
Project("{FAE04EC0-301F-11D3-BF4B-00C04F79EFBC}") = "07.WorkingHours", "07.WorkingHours\07.WorkingHours.csproj", "{3F0FA6B8-A4DB-44C3-BCF7-88E3D5D6463B}"
EndProject
Project("{FAE04EC0-301F-11D3-BF4B-00C04F79EFBC}") = "08.CinemaTicket", "08.CinemaTicket\08.CinemaTicket.csproj", "{DF779EC2-7CA8-47F9-9E02-D8B8DA9D5FB0}"
EndProject
Project("{FAE04EC0-301F-11D3-BF4B-00C04F79EFBC}") = "09.FruitOrVegetable", "09.FruitOrVegetable\09.FruitOrVegetable.csproj", "{4BE854C3-361E-4BD6-8975-E73E56BAADEA}"
EndProject
Project("{FAE04EC0-301F-11D3-BF4B-00C04F79EFBC}") = "10.InvalidNumber", "10.InvalidNumber\10.InvalidNumber.csproj", "{8957811B-407C-463C-8D6E-4235B10ABF31}"
EndProject
Project("{FAE04EC0-301F-11D3-BF4B-00C04F79EFBC}") = "11.FruitShop", "11.FruitShop\11.FruitShop.csproj", "{A10F1D97-550D-4D82-A9C4-8D95D937001A}"
EndProject
Project("{FAE04EC0-301F-11D3-BF4B-00C04F79EFBC}") = "12.TradeCommissions", "12.TradeCommissions\12.TradeCommissions.csproj", "{F022612F-7982-4E70-AB9E-0D4C3C4D192B}"
EndProject
Global
	GlobalSection(SolutionConfigurationPlatforms) = preSolution
		Debug|Any CPU = Debug|Any CPU
		Release|Any CPU = Release|Any CPU
	EndGlobalSection
	GlobalSection(ProjectConfigurationPlatforms) = postSolution
		{86BA5DD6-6FB2-4FEB-A12D-05A3B0A11FCD}.Debug|Any CPU.ActiveCfg = Debug|Any CPU
		{86BA5DD6-6FB2-4FEB-A12D-05A3B0A11FCD}.Debug|Any CPU.Build.0 = Debug|Any CPU
		{86BA5DD6-6FB2-4FEB-A12D-05A3B0A11FCD}.Release|Any CPU.ActiveCfg = Release|Any CPU
		{86BA5DD6-6FB2-4FEB-A12D-05A3B0A11FCD}.Release|Any CPU.Build.0 = Release|Any CPU
		{B0867A08-5E59-4B7C-8BB5-C422BD277FE0}.Debug|Any CPU.ActiveCfg = Debug|Any CPU
		{B0867A08-5E59-4B7C-8BB5-C422BD277FE0}.Debug|Any CPU.Build.0 = Debug|Any CPU
		{B0867A08-5E59-4B7C-8BB5-C422BD277FE0}.Release|Any CPU.ActiveCfg = Release|Any CPU
		{B0867A08-5E59-4B7C-8BB5-C422BD277FE0}.Release|Any CPU.Build.0 = Release|Any CPU
		{719CEEE4-56CA-426C-99F5-7D1BA294734B}.Debug|Any CPU.ActiveCfg = Debug|Any CPU
		{719CEEE4-56CA-426C-99F5-7D1BA294734B}.Debug|Any CPU.Build.0 = Debug|Any CPU
		{719CEEE4-56CA-426C-99F5-7D1BA294734B}.Release|Any CPU.ActiveCfg = Release|Any CPU
		{719CEEE4-56CA-426C-99F5-7D1BA294734B}.Release|Any CPU.Build.0 = Release|Any CPU
		{622DD6D1-F630-4F52-BD97-E88EE42FF458}.Debug|Any CPU.ActiveCfg = Debug|Any CPU
		{622DD6D1-F630-4F52-BD97-E88EE42FF458}.Debug|Any CPU.Build.0 = Debug|Any CPU
		{622DD6D1-F630-4F52-BD97-E88EE42FF458}.Release|Any CPU.ActiveCfg = Release|Any CPU
		{622DD6D1-F630-4F52-BD97-E88EE42FF458}.Release|Any CPU.Build.0 = Release|Any CPU
		{A75A8D99-195F-4382-9747-4B6F41E2F6C9}.Debug|Any CPU.ActiveCfg = Debug|Any CPU
		{A75A8D99-195F-4382-9747-4B6F41E2F6C9}.Debug|Any CPU.Build.0 = Debug|Any CPU
		{A75A8D99-195F-4382-9747-4B6F41E2F6C9}.Release|Any CPU.ActiveCfg = Release|Any CPU
		{A75A8D99-195F-4382-9747-4B6F41E2F6C9}.Release|Any CPU.Build.0 = Release|Any CPU
		{44BA62AC-8CEB-4E06-BB35-270A578C8EE4}.Debug|Any CPU.ActiveCfg = Debug|Any CPU
		{44BA62AC-8CEB-4E06-BB35-270A578C8EE4}.Debug|Any CPU.Build.0 = Debug|Any CPU
		{44BA62AC-8CEB-4E06-BB35-270A578C8EE4}.Release|Any CPU.ActiveCfg = Release|Any CPU
		{44BA62AC-8CEB-4E06-BB35-270A578C8EE4}.Release|Any CPU.Build.0 = Release|Any CPU
		{3F0FA6B8-A4DB-44C3-BCF7-88E3D5D6463B}.Debug|Any CPU.ActiveCfg = Debug|Any CPU
		{3F0FA6B8-A4DB-44C3-BCF7-88E3D5D6463B}.Debug|Any CPU.Build.0 = Debug|Any CPU
		{3F0FA6B8-A4DB-44C3-BCF7-88E3D5D6463B}.Release|Any CPU.ActiveCfg = Release|Any CPU
		{3F0FA6B8-A4DB-44C3-BCF7-88E3D5D6463B}.Release|Any CPU.Build.0 = Release|Any CPU
		{DF779EC2-7CA8-47F9-9E02-D8B8DA9D5FB0}.Debug|Any CPU.ActiveCfg = Debug|Any CPU
		{DF779EC2-7CA8-47F9-9E02-D8B8DA9D5FB0}.Debug|Any CPU.Build.0 = Debug|Any CPU
		{DF779EC2-7CA8-47F9-9E02-D8B8DA9D5FB0}.Release|Any CPU.ActiveCfg = Release|Any CPU
		{DF779EC2-7CA8-47F9-9E02-D8B8DA9D5FB0}.Release|Any CPU.Build.0 = Release|Any CPU
		{4BE854C3-361E-4BD6-8975-E73E56BAADEA}.Debug|Any CPU.ActiveCfg = Debug|Any CPU
		{4BE854C3-361E-4BD6-8975-E73E56BAADEA}.Debug|Any CPU.Build.0 = Debug|Any CPU
		{4BE854C3-361E-4BD6-8975-E73E56BAADEA}.Release|Any CPU.ActiveCfg = Release|Any CPU
		{4BE854C3-361E-4BD6-8975-E73E56BAADEA}.Release|Any CPU.Build.0 = Release|Any CPU
		{8957811B-407C-463C-8D6E-4235B10ABF31}.Debug|Any CPU.ActiveCfg = Debug|Any CPU
		{8957811B-407C-463C-8D6E-4235B10ABF31}.Debug|Any CPU.Build.0 = Debug|Any CPU
		{8957811B-407C-463C-8D6E-4235B10ABF31}.Release|Any CPU.ActiveCfg = Release|Any CPU
		{8957811B-407C-463C-8D6E-4235B10ABF31}.Release|Any CPU.Build.0 = Release|Any CPU
		{A10F1D97-550D-4D82-A9C4-8D95D937001A}.Debug|Any CPU.ActiveCfg = Debug|Any CPU
		{A10F1D97-550D-4D82-A9C4-8D95D937001A}.Debug|Any CPU.Build.0 = Debug|Any CPU
		{A10F1D97-550D-4D82-A9C4-8D95D937001A}.Release|Any CPU.ActiveCfg = Release|Any CPU
		{A10F1D97-550D-4D82-A9C4-8D95D937001A}.Release|Any CPU.Build.0 = Release|Any CPU
		{F022612F-7982-4E70-AB9E-0D4C3C4D192B}.Debug|Any CPU.ActiveCfg = Debug|Any CPU
		{F022612F-7982-4E70-AB9E-0D4C3C4D192B}.Debug|Any CPU.Build.0 = Debug|Any CPU
		{F022612F-7982-4E70-AB9E-0D4C3C4D192B}.Release|Any CPU.ActiveCfg = Release|Any CPU
		{F022612F-7982-4E70-AB9E-0D4C3C4D192B}.Release|Any CPU.Build.0 = Release|Any CPU
	EndGlobalSection
	GlobalSection(SolutionProperties) = preSolution
		HideSolutionNode = FALSE
	EndGlobalSection
	GlobalSection(ExtensibilityGlobals) = postSolution
		SolutionGuid = {8085C338-C1C7-48EA-A7CB-C9FAA20A5A09}
	EndGlobalSection
EndGlobal
